
Microsoft Visual Studio Solution File, Format Version 12.00
# Visual Studio 15
VisualStudioVersion = 15.0.26730.12
MinimumVisualStudioVersion = 10.0.40219.1
Project("{FAE04EC0-301F-11D3-BF4B-00C04F79EFBC}") = "BusinessService", "BusinessService\BusinessService.csproj", "{7352C723-4C16-49BC-ABAA-A3582E979778}"
EndProject
Project("{FAE04EC0-301F-11D3-BF4B-00C04F79EFBC}") = "DataAccess", "DataAccess\DataAccess.csproj", "{D907E45E-B235-4696-873E-BDE1B3A1A3F4}"
EndProject
Project("{FAE04EC0-301F-11D3-BF4B-00C04F79EFBC}") = "WebApi", "WebApi\WebApi.csproj", "{41A513A2-A0A9-49BF-8384-0E1EC2DCA7B3}"
EndProject
Project("{FAE04EC0-301F-11D3-BF4B-00C04F79EFBC}") = "Entities", "Entities\Entities.csproj", "{C1F747F5-ACE7-4904-B03E-D905535651D2}"
EndProject
Project("{FAE04EC0-301F-11D3-BF4B-00C04F79EFBC}") = "DTO", "DTO\DTO.csproj", "{FDE2ADDB-23D1-4ABA-A13F-844799A60C22}"
EndProject
Global
	GlobalSection(SolutionConfigurationPlatforms) = preSolution
		Debug|Any CPU = Debug|Any CPU
		Release|Any CPU = Release|Any CPU
	EndGlobalSection
	GlobalSection(ProjectConfigurationPlatforms) = postSolution
		{7352C723-4C16-49BC-ABAA-A3582E979778}.Debug|Any CPU.ActiveCfg = Debug|Any CPU
		{7352C723-4C16-49BC-ABAA-A3582E979778}.Debug|Any CPU.Build.0 = Debug|Any CPU
		{7352C723-4C16-49BC-ABAA-A3582E979778}.Release|Any CPU.ActiveCfg = Release|Any CPU
		{7352C723-4C16-49BC-ABAA-A3582E979778}.Release|Any CPU.Build.0 = Release|Any CPU
		{D907E45E-B235-4696-873E-BDE1B3A1A3F4}.Debug|Any CPU.ActiveCfg = Debug|Any CPU
		{D907E45E-B235-4696-873E-BDE1B3A1A3F4}.Debug|Any CPU.Build.0 = Debug|Any CPU
		{D907E45E-B235-4696-873E-BDE1B3A1A3F4}.Release|Any CPU.ActiveCfg = Release|Any CPU
		{D907E45E-B235-4696-873E-BDE1B3A1A3F4}.Release|Any CPU.Build.0 = Release|Any CPU
		{41A513A2-A0A9-49BF-8384-0E1EC2DCA7B3}.Debug|Any CPU.ActiveCfg = Debug|Any CPU
		{41A513A2-A0A9-49BF-8384-0E1EC2DCA7B3}.Debug|Any CPU.Build.0 = Debug|Any CPU
		{41A513A2-A0A9-49BF-8384-0E1EC2DCA7B3}.Release|Any CPU.ActiveCfg = Release|Any CPU
		{41A513A2-A0A9-49BF-8384-0E1EC2DCA7B3}.Release|Any CPU.Build.0 = Release|Any CPU
		{C1F747F5-ACE7-4904-B03E-D905535651D2}.Debug|Any CPU.ActiveCfg = Debug|Any CPU
		{C1F747F5-ACE7-4904-B03E-D905535651D2}.Debug|Any CPU.Build.0 = Debug|Any CPU
		{C1F747F5-ACE7-4904-B03E-D905535651D2}.Release|Any CPU.ActiveCfg = Release|Any CPU
		{C1F747F5-ACE7-4904-B03E-D905535651D2}.Release|Any CPU.Build.0 = Release|Any CPU
		{FDE2ADDB-23D1-4ABA-A13F-844799A60C22}.Debug|Any CPU.ActiveCfg = Debug|Any CPU
		{FDE2ADDB-23D1-4ABA-A13F-844799A60C22}.Debug|Any CPU.Build.0 = Debug|Any CPU
		{FDE2ADDB-23D1-4ABA-A13F-844799A60C22}.Release|Any CPU.ActiveCfg = Release|Any CPU
		{FDE2ADDB-23D1-4ABA-A13F-844799A60C22}.Release|Any CPU.Build.0 = Release|Any CPU
	EndGlobalSection
	GlobalSection(SolutionProperties) = preSolution
		HideSolutionNode = FALSE
	EndGlobalSection
	GlobalSection(ExtensibilityGlobals) = postSolution
		SolutionGuid = {D330EEFE-9F32-4816-ADEF-A73164D5FC6B}
	EndGlobalSection
EndGlobal
